
Microsoft Visual Studio Solution File, Format Version 12.00
# Visual Studio Version 16
VisualStudioVersion = 16.0.30404.54
MinimumVisualStudioVersion = 10.0.40219.1
Project("{F2A71F9B-5D33-465A-A702-920D77279786}") = "LeetCodeAugustChalenge", "LeetCodeAugustChalenge\LeetCodeAugustChalenge.fsproj", "{11686C65-B81B-4050-852B-71C62020B13D}"
EndProject
Global
	GlobalSection(SolutionConfigurationPlatforms) = preSolution
		Debug|Any CPU = Debug|Any CPU
		Release|Any CPU = Release|Any CPU
	EndGlobalSection
	GlobalSection(ProjectConfigurationPlatforms) = postSolution
		{11686C65-B81B-4050-852B-71C62020B13D}.Debug|Any CPU.ActiveCfg = Debug|Any CPU
		{11686C65-B81B-4050-852B-71C62020B13D}.Debug|Any CPU.Build.0 = Debug|Any CPU
		{11686C65-B81B-4050-852B-71C62020B13D}.Release|Any CPU.ActiveCfg = Release|Any CPU
		{11686C65-B81B-4050-852B-71C62020B13D}.Release|Any CPU.Build.0 = Release|Any CPU
	EndGlobalSection
	GlobalSection(SolutionProperties) = preSolution
		HideSolutionNode = FALSE
	EndGlobalSection
	GlobalSection(ExtensibilityGlobals) = postSolution
		SolutionGuid = {39E37E70-E351-4505-8372-883F29EC897A}
	EndGlobalSection
EndGlobal
